
Microsoft Visual Studio Solution File, Format Version 12.00
# Visual Studio Version 17
VisualStudioVersion = 17.4.33103.184
MinimumVisualStudioVersion = 10.0.40219.1
Project("{FAE04EC0-301F-11D3-BF4B-00C04F79EFBC}") = "WebApplication1", "WebApplication1\WebApplication1.csproj", "{AC78716F-FE8B-40A0-BFAB-C4C2C04987F5}"
EndProject
Global
	GlobalSection(SolutionConfigurationPlatforms) = preSolution
		Debug|Any CPU = Debug|Any CPU
		Release|Any CPU = Release|Any CPU
	EndGlobalSection
	GlobalSection(ProjectConfigurationPlatforms) = postSolution
		{AC78716F-FE8B-40A0-BFAB-C4C2C04987F5}.Debug|Any CPU.ActiveCfg = Debug|Any CPU
		{AC78716F-FE8B-40A0-BFAB-C4C2C04987F5}.Debug|Any CPU.Build.0 = Debug|Any CPU
		{AC78716F-FE8B-40A0-BFAB-C4C2C04987F5}.Release|Any CPU.ActiveCfg = Release|Any CPU
		{AC78716F-FE8B-40A0-BFAB-C4C2C04987F5}.Release|Any CPU.Build.0 = Release|Any CPU
	EndGlobalSection
	GlobalSection(SolutionProperties) = preSolution
		HideSolutionNode = FALSE
	EndGlobalSection
	GlobalSection(ExtensibilityGlobals) = postSolution
		SolutionGuid = {E11E0324-B01D-47D2-A057-5A520D914102}
	EndGlobalSection
EndGlobal
